
Microsoft Visual Studio Solution File, Format Version 12.00
# Visual Studio Version 16
VisualStudioVersion = 16.0.31112.23
MinimumVisualStudioVersion = 10.0.40219.1
Project("{FAE04EC0-301F-11D3-BF4B-00C04F79EFBC}") = "AspNetIdentityDemo.Api", "AspNetIdentityDemo.Api\AspNetIdentityDemo.Api.csproj", "{D9238852-7653-4DA3-A576-C6F01A88A3D3}"
EndProject
Project("{FAE04EC0-301F-11D3-BF4B-00C04F79EFBC}") = "AspNetIdentityDemo.Shared", "AspNetIdentityDemo.Shared\AspNetIdentityDemo.Shared.csproj", "{2D0FB734-3BF5-4741-9EFE-0552E6D35449}"
EndProject
Project("{FAE04EC0-301F-11D3-BF4B-00C04F79EFBC}") = "AspNetIdentityDemo.Client", "AspNetIdentityDemo.Client\AspNetIdentityDemo.Client.csproj", "{BFF53EDB-178B-4865-9171-07EC74F70CEF}"
EndProject
Global
	GlobalSection(SolutionConfigurationPlatforms) = preSolution
		Debug|Any CPU = Debug|Any CPU
		Debug|ARM = Debug|ARM
		Debug|ARM64 = Debug|ARM64
		Debug|x64 = Debug|x64
		Debug|x86 = Debug|x86
		Release|Any CPU = Release|Any CPU
		Release|ARM = Release|ARM
		Release|ARM64 = Release|ARM64
		Release|x64 = Release|x64
		Release|x86 = Release|x86
	EndGlobalSection
	GlobalSection(ProjectConfigurationPlatforms) = postSolution
		{D9238852-7653-4DA3-A576-C6F01A88A3D3}.Debug|Any CPU.ActiveCfg = Debug|Any CPU
		{D9238852-7653-4DA3-A576-C6F01A88A3D3}.Debug|Any CPU.Build.0 = Debug|Any CPU
		{D9238852-7653-4DA3-A576-C6F01A88A3D3}.Debug|ARM.ActiveCfg = Debug|Any CPU
		{D9238852-7653-4DA3-A576-C6F01A88A3D3}.Debug|ARM.Build.0 = Debug|Any CPU
		{D9238852-7653-4DA3-A576-C6F01A88A3D3}.Debug|ARM64.ActiveCfg = Debug|Any CPU
		{D9238852-7653-4DA3-A576-C6F01A88A3D3}.Debug|ARM64.Build.0 = Debug|Any CPU
		{D9238852-7653-4DA3-A576-C6F01A88A3D3}.Debug|x64.ActiveCfg = Debug|Any CPU
		{D9238852-7653-4DA3-A576-C6F01A88A3D3}.Debug|x64.Build.0 = Debug|Any CPU
		{D9238852-7653-4DA3-A576-C6F01A88A3D3}.Debug|x86.ActiveCfg = Debug|Any CPU
		{D9238852-7653-4DA3-A576-C6F01A88A3D3}.Debug|x86.Build.0 = Debug|Any CPU
		{D9238852-7653-4DA3-A576-C6F01A88A3D3}.Release|Any CPU.ActiveCfg = Release|Any CPU
		{D9238852-7653-4DA3-A576-C6F01A88A3D3}.Release|Any CPU.Build.0 = Release|Any CPU
		{D9238852-7653-4DA3-A576-C6F01A88A3D3}.Release|ARM.ActiveCfg = Release|Any CPU
		{D9238852-7653-4DA3-A576-C6F01A88A3D3}.Release|ARM.Build.0 = Release|Any CPU
		{D9238852-7653-4DA3-A576-C6F01A88A3D3}.Release|ARM64.ActiveCfg = Release|Any CPU
		{D9238852-7653-4DA3-A576-C6F01A88A3D3}.Release|ARM64.Build.0 = Release|Any CPU
		{D9238852-7653-4DA3-A576-C6F01A88A3D3}.Release|x64.ActiveCfg = Release|Any CPU
		{D9238852-7653-4DA3-A576-C6F01A88A3D3}.Release|x64.Build.0 = Release|Any CPU
		{D9238852-7653-4DA3-A576-C6F01A88A3D3}.Release|x86.ActiveCfg = Release|Any CPU
		{D9238852-7653-4DA3-A576-C6F01A88A3D3}.Release|x86.Build.0 = Release|Any CPU
		{2D0FB734-3BF5-4741-9EFE-0552E6D35449}.Debug|Any CPU.ActiveCfg = Debug|Any CPU
		{2D0FB734-3BF5-4741-9EFE-0552E6D35449}.Debug|Any CPU.Build.0 = Debug|Any CPU
		{2D0FB734-3BF5-4741-9EFE-0552E6D35449}.Debug|ARM.ActiveCfg = Debug|Any CPU
		{2D0FB734-3BF5-4741-9EFE-0552E6D35449}.Debug|ARM.Build.0 = Debug|Any CPU
		{2D0FB734-3BF5-4741-9EFE-0552E6D35449}.Debug|ARM64.ActiveCfg = Debug|Any CPU
		{2D0FB734-3BF5-4741-9EFE-0552E6D35449}.Debug|ARM64.Build.0 = Debug|Any CPU
		{2D0FB734-3BF5-4741-9EFE-0552E6D35449}.Debug|x64.ActiveCfg = Debug|Any CPU
		{2D0FB734-3BF5-4741-9EFE-0552E6D35449}.Debug|x64.Build.0 = Debug|Any CPU
		{2D0FB734-3BF5-4741-9EFE-0552E6D35449}.Debug|x86.ActiveCfg = Debug|Any CPU
		{2D0FB734-3BF5-4741-9EFE-0552E6D35449}.Debug|x86.Build.0 = Debug|Any CPU
		{2D0FB734-3BF5-4741-9EFE-0552E6D35449}.Release|Any CPU.ActiveCfg = Release|Any CPU
		{2D0FB734-3BF5-4741-9EFE-0552E6D35449}.Release|Any CPU.Build.0 = Release|Any CPU
		{2D0FB734-3BF5-4741-9EFE-0552E6D35449}.Release|ARM.ActiveCfg = Release|Any CPU
		{2D0FB734-3BF5-4741-9EFE-0552E6D35449}.Release|ARM.Build.0 = Release|Any CPU
		{2D0FB734-3BF5-4741-9EFE-0552E6D35449}.Release|ARM64.ActiveCfg = Release|Any CPU
		{2D0FB734-3BF5-4741-9EFE-0552E6D35449}.Release|ARM64.Build.0 = Release|Any CPU
		{2D0FB734-3BF5-4741-9EFE-0552E6D35449}.Release|x64.ActiveCfg = Release|Any CPU
		{2D0FB734-3BF5-4741-9EFE-0552E6D35449}.Release|x64.Build.0 = Release|Any CPU
		{2D0FB734-3BF5-4741-9EFE-0552E6D35449}.Release|x86.ActiveCfg = Release|Any CPU
		{2D0FB734-3BF5-4741-9EFE-0552E6D35449}.Release|x86.Build.0 = Release|Any CPU
		{BFF53EDB-178B-4865-9171-07EC74F70CEF}.Debug|Any CPU.ActiveCfg = Debug|x86
		{BFF53EDB-178B-4865-9171-07EC74F70CEF}.Debug|ARM.ActiveCfg = Debug|ARM
		{BFF53EDB-178B-4865-9171-07EC74F70CEF}.Debug|ARM.Build.0 = Debug|ARM
		{BFF53EDB-178B-4865-9171-07EC74F70CEF}.Debug|ARM.Deploy.0 = Debug|ARM
		{BFF53EDB-178B-4865-9171-07EC74F70CEF}.Debug|ARM64.ActiveCfg = Debug|ARM64
		{BFF53EDB-178B-4865-9171-07EC74F70CEF}.Debug|ARM64.Build.0 = Debug|ARM64
		{BFF53EDB-178B-4865-9171-07EC74F70CEF}.Debug|ARM64.Deploy.0 = Debug|ARM64
		{BFF53EDB-178B-4865-9171-07EC74F70CEF}.Debug|x64.ActiveCfg = Debug|x64
		{BFF53EDB-178B-4865-9171-07EC74F70CEF}.Debug|x64.Build.0 = Debug|x64
		{BFF53EDB-178B-4865-9171-07EC74F70CEF}.Debug|x64.Deploy.0 = Debug|x64
		{BFF53EDB-178B-4865-9171-07EC74F70CEF}.Debug|x86.ActiveCfg = Debug|x86
		{BFF53EDB-178B-4865-9171-07EC74F70CEF}.Debug|x86.Build.0 = Debug|x86
		{BFF53EDB-178B-4865-9171-07EC74F70CEF}.Debug|x86.Deploy.0 = Debug|x86
		{BFF53EDB-178B-4865-9171-07EC74F70CEF}.Release|Any CPU.ActiveCfg = Release|x86
		{BFF53EDB-178B-4865-9171-07EC74F70CEF}.Release|ARM.ActiveCfg = Release|ARM
		{BFF53EDB-178B-4865-9171-07EC74F70CEF}.Release|ARM.Build.0 = Release|ARM
		{BFF53EDB-178B-4865-9171-07EC74F70CEF}.Release|ARM.Deploy.0 = Release|ARM
		{BFF53EDB-178B-4865-9171-07EC74F70CEF}.Release|ARM64.ActiveCfg = Release|ARM64
		{BFF53EDB-178B-4865-9171-07EC74F70CEF}.Release|ARM64.Build.0 = Release|ARM64
		{BFF53EDB-178B-4865-9171-07EC74F70CEF}.Release|ARM64.Deploy.0 = Release|ARM64
		{BFF53EDB-178B-4865-9171-07EC74F70CEF}.Release|x64.ActiveCfg = Release|x64
		{BFF53EDB-178B-4865-9171-07EC74F70CEF}.Release|x64.Build.0 = Release|x64
		{BFF53EDB-178B-4865-9171-07EC74F70CEF}.Release|x64.Deploy.0 = Release|x64
		{BFF53EDB-178B-4865-9171-07EC74F70CEF}.Release|x86.ActiveCfg = Release|x86
		{BFF53EDB-178B-4865-9171-07EC74F70CEF}.Release|x86.Build.0 = Release|x86
		{BFF53EDB-178B-4865-9171-07EC74F70CEF}.Release|x86.Deploy.0 = Release|x86
	EndGlobalSection
	GlobalSection(SolutionProperties) = preSolution
		HideSolutionNode = FALSE
	EndGlobalSection
	GlobalSection(ExtensibilityGlobals) = postSolution
		SolutionGuid = {0F195738-2523-427C-B85F-6EBD61CDE273}
	EndGlobalSection
EndGlobal
